
Microsoft Visual Studio Solution File, Format Version 12.00
# Visual Studio Version 16
VisualStudioVersion = 16.0.31019.35
MinimumVisualStudioVersion = 10.0.40219.1
Project("{FAE04EC0-301F-11D3-BF4B-00C04F79EFBC}") = "BattleShipProject", "BattleShipProject\BattleShipProject.csproj", "{7162A5F6-6A5D-4A42-9049-6FE9616B515E}"
EndProject
Project("{FAE04EC0-301F-11D3-BF4B-00C04F79EFBC}") = "Battleship.Library", "Battleship.Library\Battleship.Library.csproj", "{D6A721E7-2C6B-486D-90B8-59E2DAD924D4}"
EndProject
Global
	GlobalSection(SolutionConfigurationPlatforms) = preSolution
		Debug|Any CPU = Debug|Any CPU
		Release|Any CPU = Release|Any CPU
	EndGlobalSection
	GlobalSection(ProjectConfigurationPlatforms) = postSolution
		{7162A5F6-6A5D-4A42-9049-6FE9616B515E}.Debug|Any CPU.ActiveCfg = Debug|Any CPU
		{7162A5F6-6A5D-4A42-9049-6FE9616B515E}.Debug|Any CPU.Build.0 = Debug|Any CPU
		{7162A5F6-6A5D-4A42-9049-6FE9616B515E}.Release|Any CPU.ActiveCfg = Release|Any CPU
		{7162A5F6-6A5D-4A42-9049-6FE9616B515E}.Release|Any CPU.Build.0 = Release|Any CPU
		{D6A721E7-2C6B-486D-90B8-59E2DAD924D4}.Debug|Any CPU.ActiveCfg = Debug|Any CPU
		{D6A721E7-2C6B-486D-90B8-59E2DAD924D4}.Debug|Any CPU.Build.0 = Debug|Any CPU
		{D6A721E7-2C6B-486D-90B8-59E2DAD924D4}.Release|Any CPU.ActiveCfg = Release|Any CPU
		{D6A721E7-2C6B-486D-90B8-59E2DAD924D4}.Release|Any CPU.Build.0 = Release|Any CPU
	EndGlobalSection
	GlobalSection(SolutionProperties) = preSolution
		HideSolutionNode = FALSE
	EndGlobalSection
	GlobalSection(ExtensibilityGlobals) = postSolution
		SolutionGuid = {E32E1285-B6C2-4A47-A365-52C38BB4AFED}
	EndGlobalSection
EndGlobal
